
Microsoft Visual Studio Solution File, Format Version 11.00
# Visual Studio 2010
Project("{FAE04EC0-301F-11D3-BF4B-00C04F79EFBC}") = "Sistema Caritas", "Sistema Caritas\Sistema Caritas.csproj", "{4ED674B5-3F56-457F-B55B-CE6FC19DF51F}"
EndProject
Project("{54435603-DBB4-11D2-8724-00A0C9A8B90C}") = "Sistema Caritas Instalador", "Setup1\Setup1.vdproj", "{82B4332C-5FD8-43EA-A794-E2FDF3DC6C92}"
EndProject
Global
	GlobalSection(SolutionConfigurationPlatforms) = preSolution
		Debug|x86 = Debug|x86
		Release|x86 = Release|x86
	EndGlobalSection
	GlobalSection(ProjectConfigurationPlatforms) = postSolution
		{4ED674B5-3F56-457F-B55B-CE6FC19DF51F}.Debug|x86.ActiveCfg = Debug|x86
		{4ED674B5-3F56-457F-B55B-CE6FC19DF51F}.Debug|x86.Build.0 = Debug|x86
		{4ED674B5-3F56-457F-B55B-CE6FC19DF51F}.Release|x86.ActiveCfg = Release|x86
		{4ED674B5-3F56-457F-B55B-CE6FC19DF51F}.Release|x86.Build.0 = Release|x86
		{82B4332C-5FD8-43EA-A794-E2FDF3DC6C92}.Debug|x86.ActiveCfg = Debug
		{82B4332C-5FD8-43EA-A794-E2FDF3DC6C92}.Release|x86.ActiveCfg = Release
	EndGlobalSection
	GlobalSection(SolutionProperties) = preSolution
		HideSolutionNode = FALSE
	EndGlobalSection
EndGlobal
